
Microsoft Visual Studio Solution File, Format Version 12.00
# Visual Studio 15
VisualStudioVersion = 15.0.27004.2009
MinimumVisualStudioVersion = 10.0.40219.1
Project("{FAE04EC0-301F-11D3-BF4B-00C04F79EFBC}") = "final_project", "final_project\final_project.csproj", "{C75D9B86-F538-40C7-A32F-4DC873EE787D}"
EndProject
Global
	GlobalSection(SolutionConfigurationPlatforms) = preSolution
		Debug|Any CPU = Debug|Any CPU
		Release|Any CPU = Release|Any CPU
	EndGlobalSection
	GlobalSection(ProjectConfigurationPlatforms) = postSolution
		{C75D9B86-F538-40C7-A32F-4DC873EE787D}.Debug|Any CPU.ActiveCfg = Debug|Any CPU
		{C75D9B86-F538-40C7-A32F-4DC873EE787D}.Debug|Any CPU.Build.0 = Debug|Any CPU
		{C75D9B86-F538-40C7-A32F-4DC873EE787D}.Release|Any CPU.ActiveCfg = Release|Any CPU
		{C75D9B86-F538-40C7-A32F-4DC873EE787D}.Release|Any CPU.Build.0 = Release|Any CPU
	EndGlobalSection
	GlobalSection(SolutionProperties) = preSolution
		HideSolutionNode = FALSE
	EndGlobalSection
	GlobalSection(ExtensibilityGlobals) = postSolution
		SolutionGuid = {D4BB105F-40A1-499B-92B9-0BB7F57828A8}
	EndGlobalSection
EndGlobal
